
Microsoft Visual Studio Solution File, Format Version 12.00
# Visual Studio Version 17
VisualStudioVersion = 17.11.35312.102
MinimumVisualStudioVersion = 10.0.40219.1
Project("{FAE04EC0-301F-11D3-BF4B-00C04F79EFBC}") = "WebApiForm", "WebApiForm\WebApiForm.csproj", "{467CB038-D2D4-48F1-8AFE-A8020D023F24}"
EndProject
Global
	GlobalSection(SolutionConfigurationPlatforms) = preSolution
		Debug|Any CPU = Debug|Any CPU
		Release|Any CPU = Release|Any CPU
	EndGlobalSection
	GlobalSection(ProjectConfigurationPlatforms) = postSolution
		{467CB038-D2D4-48F1-8AFE-A8020D023F24}.Debug|Any CPU.ActiveCfg = Debug|Any CPU
		{467CB038-D2D4-48F1-8AFE-A8020D023F24}.Debug|Any CPU.Build.0 = Debug|Any CPU
		{467CB038-D2D4-48F1-8AFE-A8020D023F24}.Release|Any CPU.ActiveCfg = Release|Any CPU
		{467CB038-D2D4-48F1-8AFE-A8020D023F24}.Release|Any CPU.Build.0 = Release|Any CPU
	EndGlobalSection
	GlobalSection(SolutionProperties) = preSolution
		HideSolutionNode = FALSE
	EndGlobalSection
	GlobalSection(ExtensibilityGlobals) = postSolution
		SolutionGuid = {9FA0A8B4-88DC-4A98-833E-A95714D77B60}
	EndGlobalSection
EndGlobal
